
Microsoft Visual Studio Solution File, Format Version 12.00
# Visual Studio Version 16
VisualStudioVersion = 16.0.30503.244
MinimumVisualStudioVersion = 10.0.40219.1
Project("{9A19103F-16F7-4668-BE54-9A1E7A4F7556}") = "ConnectionBuilder", "MapGenerator\ConnectionBuilder.csproj", "{2F6ABC91-3B75-44F6-A4BE-E32C3D1FADBD}"
EndProject
Project("{9A19103F-16F7-4668-BE54-9A1E7A4F7556}") = "ConnectionBuilderTests", "MapGeneratorTests\ConnectionBuilderTests.csproj", "{8691E66E-0BD4-4434-B0A8-13F7F2ABD4D4}"
EndProject
Project("{2150E333-8FDC-42A3-9474-1A3956D46DE8}") = "Solution Items", "Solution Items", "{2CFA63F9-16EA-452A-9EBA-A2192E6B41D9}"
	ProjectSection(SolutionItems) = preProject
		..\.gitignore = ..\.gitignore
		..\LICENSE = ..\LICENSE
		..\README.md = ..\README.md
	EndProjectSection
EndProject
Global
	GlobalSection(SolutionConfigurationPlatforms) = preSolution
		Debug|Any CPU = Debug|Any CPU
		Release|Any CPU = Release|Any CPU
	EndGlobalSection
	GlobalSection(ProjectConfigurationPlatforms) = postSolution
		{2F6ABC91-3B75-44F6-A4BE-E32C3D1FADBD}.Debug|Any CPU.ActiveCfg = Debug|Any CPU
		{2F6ABC91-3B75-44F6-A4BE-E32C3D1FADBD}.Debug|Any CPU.Build.0 = Debug|Any CPU
		{2F6ABC91-3B75-44F6-A4BE-E32C3D1FADBD}.Release|Any CPU.ActiveCfg = Release|Any CPU
		{2F6ABC91-3B75-44F6-A4BE-E32C3D1FADBD}.Release|Any CPU.Build.0 = Release|Any CPU
		{8691E66E-0BD4-4434-B0A8-13F7F2ABD4D4}.Debug|Any CPU.ActiveCfg = Debug|Any CPU
		{8691E66E-0BD4-4434-B0A8-13F7F2ABD4D4}.Debug|Any CPU.Build.0 = Debug|Any CPU
		{8691E66E-0BD4-4434-B0A8-13F7F2ABD4D4}.Release|Any CPU.ActiveCfg = Release|Any CPU
		{8691E66E-0BD4-4434-B0A8-13F7F2ABD4D4}.Release|Any CPU.Build.0 = Release|Any CPU
	EndGlobalSection
	GlobalSection(SolutionProperties) = preSolution
		HideSolutionNode = FALSE
	EndGlobalSection
	GlobalSection(ExtensibilityGlobals) = postSolution
		SolutionGuid = {DCEB0F31-A770-483A-B1EB-B64E1FFD49A0}
	EndGlobalSection
EndGlobal
